
Microsoft Visual Studio Solution File, Format Version 12.00
# Visual Studio Version 17
VisualStudioVersion = 17.11.35303.130
MinimumVisualStudioVersion = 10.0.40219.1
Project("{FAE04EC0-301F-11D3-BF4B-00C04F79EFBC}") = "learn-SOLID", "learn-SOLID\learn-SOLID.csproj", "{C4372D16-8C5F-4270-9823-5A63CE5EA26F}"
EndProject
Global
	GlobalSection(SolutionConfigurationPlatforms) = preSolution
		Debug|Any CPU = Debug|Any CPU
		Release|Any CPU = Release|Any CPU
	EndGlobalSection
	GlobalSection(ProjectConfigurationPlatforms) = postSolution
		{C4372D16-8C5F-4270-9823-5A63CE5EA26F}.Debug|Any CPU.ActiveCfg = Debug|Any CPU
		{C4372D16-8C5F-4270-9823-5A63CE5EA26F}.Debug|Any CPU.Build.0 = Debug|Any CPU
		{C4372D16-8C5F-4270-9823-5A63CE5EA26F}.Release|Any CPU.ActiveCfg = Release|Any CPU
		{C4372D16-8C5F-4270-9823-5A63CE5EA26F}.Release|Any CPU.Build.0 = Release|Any CPU
	EndGlobalSection
	GlobalSection(SolutionProperties) = preSolution
		HideSolutionNode = FALSE
	EndGlobalSection
	GlobalSection(ExtensibilityGlobals) = postSolution
		SolutionGuid = {719604F1-04B7-4E40-8689-6A2F29908A78}
	EndGlobalSection
EndGlobal
